
Microsoft Visual Studio Solution File, Format Version 12.00
# Visual Studio Version 16
VisualStudioVersion = 16.0.31129.286
MinimumVisualStudioVersion = 10.0.40219.1
Project("{FAE04EC0-301F-11D3-BF4B-00C04F79EFBC}") = "multiPrjct", "multiPrjct\multiPrjct.csproj", "{104023DE-7DA4-45FE-B65C-FD82CC74E93C}"
EndProject
Global
	GlobalSection(SolutionConfigurationPlatforms) = preSolution
		Debug|Any CPU = Debug|Any CPU
		Release|Any CPU = Release|Any CPU
	EndGlobalSection
	GlobalSection(ProjectConfigurationPlatforms) = postSolution
		{104023DE-7DA4-45FE-B65C-FD82CC74E93C}.Debug|Any CPU.ActiveCfg = Debug|Any CPU
		{104023DE-7DA4-45FE-B65C-FD82CC74E93C}.Debug|Any CPU.Build.0 = Debug|Any CPU
		{104023DE-7DA4-45FE-B65C-FD82CC74E93C}.Release|Any CPU.ActiveCfg = Release|Any CPU
		{104023DE-7DA4-45FE-B65C-FD82CC74E93C}.Release|Any CPU.Build.0 = Release|Any CPU
	EndGlobalSection
	GlobalSection(SolutionProperties) = preSolution
		HideSolutionNode = FALSE
	EndGlobalSection
	GlobalSection(ExtensibilityGlobals) = postSolution
		SolutionGuid = {628DBB9F-AD4B-4093-A66F-97192C1B0EE9}
	EndGlobalSection
EndGlobal
